
Microsoft Visual Studio Solution File, Format Version 12.00
# Visual Studio Version 16
VisualStudioVersion = 16.0.30104.148
MinimumVisualStudioVersion = 10.0.40219.1
Project("{FAE04EC0-301F-11D3-BF4B-00C04F79EFBC}") = "packet-detection-model", "packet-detection-model\packet-detection-model.csproj", "{8B31809F-CD29-4E83-B7AF-810A74A7B608}"
EndProject
Global
	GlobalSection(SolutionConfigurationPlatforms) = preSolution
		Debug|Any CPU = Debug|Any CPU
		Release|Any CPU = Release|Any CPU
	EndGlobalSection
	GlobalSection(ProjectConfigurationPlatforms) = postSolution
		{8B31809F-CD29-4E83-B7AF-810A74A7B608}.Debug|Any CPU.ActiveCfg = Debug|Any CPU
		{8B31809F-CD29-4E83-B7AF-810A74A7B608}.Debug|Any CPU.Build.0 = Debug|Any CPU
		{8B31809F-CD29-4E83-B7AF-810A74A7B608}.Release|Any CPU.ActiveCfg = Release|Any CPU
		{8B31809F-CD29-4E83-B7AF-810A74A7B608}.Release|Any CPU.Build.0 = Release|Any CPU
	EndGlobalSection
	GlobalSection(SolutionProperties) = preSolution
		HideSolutionNode = FALSE
	EndGlobalSection
	GlobalSection(ExtensibilityGlobals) = postSolution
		SolutionGuid = {CCF16042-F144-44E8-9ED8-EF925FA100E8}
	EndGlobalSection
EndGlobal
